
Microsoft Visual Studio Solution File, Format Version 12.00
# Visual Studio Version 16
VisualStudioVersion = 16.0.29806.167
MinimumVisualStudioVersion = 10.0.40219.1
Project("{9A19103F-16F7-4668-BE54-9A1E7A4F7556}") = "1.SRP", "1.SRP\1.SRP.csproj", "{B749B4B1-FE0D-4745-ABA6-C4ABEB6EA45E}"
EndProject
Project("{9A19103F-16F7-4668-BE54-9A1E7A4F7556}") = "2.OCP", "2.OCP\2.OCP.csproj", "{74B3C216-5E14-4D14-B249-EE9BE7BB827C}"
EndProject
Project("{FAE04EC0-301F-11D3-BF4B-00C04F79EFBC}") = "3.LSP", "3.LSP\3.LSP.csproj", "{2A2873FB-B689-485A-87B0-AE3C4C595B94}"
EndProject
Project("{FAE04EC0-301F-11D3-BF4B-00C04F79EFBC}") = "4.ISP", "4.ISP\4.ISP.csproj", "{EC94B030-7268-4D06-957F-65694B325997}"
EndProject
Project("{FAE04EC0-301F-11D3-BF4B-00C04F79EFBC}") = "5.DIP", "5.DIP\5.DIP.csproj", "{E35AC577-A289-4912-90F2-882E77DD000F}"
EndProject
Project("{FAE04EC0-301F-11D3-BF4B-00C04F79EFBC}") = "6.Builder", "6.Builder\6.Builder.csproj", "{2FF1A17C-FC63-49A8-82A0-DAE21E726E1F}"
EndProject
Project("{FAE04EC0-301F-11D3-BF4B-00C04F79EFBC}") = "7.Factory", "7.Factory\7.Factory.csproj", "{AA776983-DE6B-41A5-9C3B-9050359DF376}"
EndProject
Project("{FAE04EC0-301F-11D3-BF4B-00C04F79EFBC}") = "8.Reflexion", "8.Reflexion\8.Reflexion.csproj", "{5CCDD934-2047-4371-BDC3-ECF3E50C880E}"
EndProject
Project("{FAE04EC0-301F-11D3-BF4B-00C04F79EFBC}") = "9.Prototype", "9.Prototype\9.Prototype.csproj", "{70D8AE93-23C3-49D1-9EBD-A187C6AB9202}"
EndProject
Project("{FAE04EC0-301F-11D3-BF4B-00C04F79EFBC}") = "10.Singleton", "10.Singleton\10.Singleton.csproj", "{B327C04C-08C4-487E-8973-1604BC9A515A}"
EndProject
Project("{FAE04EC0-301F-11D3-BF4B-00C04F79EFBC}") = "11.Adapter", "11.Adapter\11.Adapter.csproj", "{161769C4-F617-4FA9-91BD-AC9D9EF20A9F}"
EndProject
Project("{FAE04EC0-301F-11D3-BF4B-00C04F79EFBC}") = "12.Bridge", "12.Bridge\12.Bridge.csproj", "{DF78006F-2A0C-45A4-AA44-881728779B27}"
EndProject
Project("{FAE04EC0-301F-11D3-BF4B-00C04F79EFBC}") = "13.Composite", "13.Composite\13.Composite.csproj", "{9D025EB7-355A-42A1-9AE6-8865E6D4E4AF}"
EndProject
Project("{FAE04EC0-301F-11D3-BF4B-00C04F79EFBC}") = "14.Decorator", "14.Decorator\14.Decorator.csproj", "{297691A5-CFD9-4154-AB91-6D6F2498F73D}"
EndProject
Project("{FAE04EC0-301F-11D3-BF4B-00C04F79EFBC}") = "15.Facade", "15.Facade\15.Facade.csproj", "{38AF0490-8FD7-44D6-84FD-2A0E6584C49F}"
EndProject
Project("{FAE04EC0-301F-11D3-BF4B-00C04F79EFBC}") = "16.FlyWeight", "16.FlyWeight\16.FlyWeight.csproj", "{5C61F2C4-231C-4A17-935F-2395E60AA25F}"
EndProject
Project("{FAE04EC0-301F-11D3-BF4B-00C04F79EFBC}") = "17.Proxy", "17.Proxy\17.Proxy.csproj", "{A58FFBFE-F9D1-401B-B368-8E47916AF105}"
EndProject
Project("{FAE04EC0-301F-11D3-BF4B-00C04F79EFBC}") = "18.Chain", "18.Chain\18.Chain.csproj", "{B534DC25-2483-4CFC-80F4-A38AFE1A54E3}"
EndProject
Project("{FAE04EC0-301F-11D3-BF4B-00C04F79EFBC}") = "19.Command", "19.Command\19.Command.csproj", "{5A88B7FB-BEAC-4A63-9240-114822EE4790}"
EndProject
Project("{FAE04EC0-301F-11D3-BF4B-00C04F79EFBC}") = "20.Iterator", "20.Iterator\20.Iterator.csproj", "{13A02F2A-53DA-408C-B5EB-E1752F438F88}"
EndProject
Project("{FAE04EC0-301F-11D3-BF4B-00C04F79EFBC}") = "21.Memento", "21.Memento\21.Memento.csproj", "{AE88915E-9065-41D8-A482-A2D6B3555EBB}"
EndProject
Project("{FAE04EC0-301F-11D3-BF4B-00C04F79EFBC}") = "22.Mediator", "22.Mediator\22.Mediator.csproj", "{F4C3CDA2-EA65-4E3E-8681-1A0B522FDD59}"
EndProject
Project("{FAE04EC0-301F-11D3-BF4B-00C04F79EFBC}") = "23.NullObject", "23.NullObject\23.NullObject.csproj", "{9E278B49-4B9E-41DB-97D8-8E2BD15CEFE2}"
EndProject
Project("{FAE04EC0-301F-11D3-BF4B-00C04F79EFBC}") = "24.Observer", "24.Observer\24.Observer.csproj", "{511338A8-02DB-4954-8750-98E4188EB665}"
EndProject
Project("{FAE04EC0-301F-11D3-BF4B-00C04F79EFBC}") = "25.Statte", "25.Statte\25.Statte.csproj", "{C7F1F3D9-176F-4099-83E2-E05ADA0E3465}"
EndProject
Project("{FAE04EC0-301F-11D3-BF4B-00C04F79EFBC}") = "26.Strategy", "26.Strategy\26.Strategy.csproj", "{524E1F0D-F17B-4D84-AA77-C270CAF4F251}"
EndProject
Project("{FAE04EC0-301F-11D3-BF4B-00C04F79EFBC}") = "27.TemplateMethod", "27.TemplateMethod\27.TemplateMethod.csproj", "{FE9B2347-31F1-4322-9716-D8D2418951F1}"
EndProject
Project("{FAE04EC0-301F-11D3-BF4B-00C04F79EFBC}") = "28.Visitor", "28.Visitor\28.Visitor.csproj", "{067638EA-8C0C-4D5E-89AE-CA3E1BE810BF}"
EndProject
Global
	GlobalSection(SolutionConfigurationPlatforms) = preSolution
		Debug|Any CPU = Debug|Any CPU
		Release|Any CPU = Release|Any CPU
	EndGlobalSection
	GlobalSection(ProjectConfigurationPlatforms) = postSolution
		{B749B4B1-FE0D-4745-ABA6-C4ABEB6EA45E}.Debug|Any CPU.ActiveCfg = Debug|Any CPU
		{B749B4B1-FE0D-4745-ABA6-C4ABEB6EA45E}.Debug|Any CPU.Build.0 = Debug|Any CPU
		{B749B4B1-FE0D-4745-ABA6-C4ABEB6EA45E}.Release|Any CPU.ActiveCfg = Release|Any CPU
		{B749B4B1-FE0D-4745-ABA6-C4ABEB6EA45E}.Release|Any CPU.Build.0 = Release|Any CPU
		{74B3C216-5E14-4D14-B249-EE9BE7BB827C}.Debug|Any CPU.ActiveCfg = Debug|Any CPU
		{74B3C216-5E14-4D14-B249-EE9BE7BB827C}.Debug|Any CPU.Build.0 = Debug|Any CPU
		{74B3C216-5E14-4D14-B249-EE9BE7BB827C}.Release|Any CPU.ActiveCfg = Release|Any CPU
		{74B3C216-5E14-4D14-B249-EE9BE7BB827C}.Release|Any CPU.Build.0 = Release|Any CPU
		{2A2873FB-B689-485A-87B0-AE3C4C595B94}.Debug|Any CPU.ActiveCfg = Debug|Any CPU
		{2A2873FB-B689-485A-87B0-AE3C4C595B94}.Debug|Any CPU.Build.0 = Debug|Any CPU
		{2A2873FB-B689-485A-87B0-AE3C4C595B94}.Release|Any CPU.ActiveCfg = Release|Any CPU
		{2A2873FB-B689-485A-87B0-AE3C4C595B94}.Release|Any CPU.Build.0 = Release|Any CPU
		{EC94B030-7268-4D06-957F-65694B325997}.Debug|Any CPU.ActiveCfg = Debug|Any CPU
		{EC94B030-7268-4D06-957F-65694B325997}.Debug|Any CPU.Build.0 = Debug|Any CPU
		{EC94B030-7268-4D06-957F-65694B325997}.Release|Any CPU.ActiveCfg = Release|Any CPU
		{EC94B030-7268-4D06-957F-65694B325997}.Release|Any CPU.Build.0 = Release|Any CPU
		{E35AC577-A289-4912-90F2-882E77DD000F}.Debug|Any CPU.ActiveCfg = Debug|Any CPU
		{E35AC577-A289-4912-90F2-882E77DD000F}.Debug|Any CPU.Build.0 = Debug|Any CPU
		{E35AC577-A289-4912-90F2-882E77DD000F}.Release|Any CPU.ActiveCfg = Release|Any CPU
		{E35AC577-A289-4912-90F2-882E77DD000F}.Release|Any CPU.Build.0 = Release|Any CPU
		{2FF1A17C-FC63-49A8-82A0-DAE21E726E1F}.Debug|Any CPU.ActiveCfg = Debug|Any CPU
		{2FF1A17C-FC63-49A8-82A0-DAE21E726E1F}.Debug|Any CPU.Build.0 = Debug|Any CPU
		{2FF1A17C-FC63-49A8-82A0-DAE21E726E1F}.Release|Any CPU.ActiveCfg = Release|Any CPU
		{2FF1A17C-FC63-49A8-82A0-DAE21E726E1F}.Release|Any CPU.Build.0 = Release|Any CPU
		{AA776983-DE6B-41A5-9C3B-9050359DF376}.Debug|Any CPU.ActiveCfg = Debug|Any CPU
		{AA776983-DE6B-41A5-9C3B-9050359DF376}.Debug|Any CPU.Build.0 = Debug|Any CPU
		{AA776983-DE6B-41A5-9C3B-9050359DF376}.Release|Any CPU.ActiveCfg = Release|Any CPU
		{AA776983-DE6B-41A5-9C3B-9050359DF376}.Release|Any CPU.Build.0 = Release|Any CPU
		{5CCDD934-2047-4371-BDC3-ECF3E50C880E}.Debug|Any CPU.ActiveCfg = Debug|Any CPU
		{5CCDD934-2047-4371-BDC3-ECF3E50C880E}.Debug|Any CPU.Build.0 = Debug|Any CPU
		{5CCDD934-2047-4371-BDC3-ECF3E50C880E}.Release|Any CPU.ActiveCfg = Release|Any CPU
		{5CCDD934-2047-4371-BDC3-ECF3E50C880E}.Release|Any CPU.Build.0 = Release|Any CPU
		{70D8AE93-23C3-49D1-9EBD-A187C6AB9202}.Debug|Any CPU.ActiveCfg = Debug|Any CPU
		{70D8AE93-23C3-49D1-9EBD-A187C6AB9202}.Debug|Any CPU.Build.0 = Debug|Any CPU
		{70D8AE93-23C3-49D1-9EBD-A187C6AB9202}.Release|Any CPU.ActiveCfg = Release|Any CPU
		{70D8AE93-23C3-49D1-9EBD-A187C6AB9202}.Release|Any CPU.Build.0 = Release|Any CPU
		{B327C04C-08C4-487E-8973-1604BC9A515A}.Debug|Any CPU.ActiveCfg = Debug|Any CPU
		{B327C04C-08C4-487E-8973-1604BC9A515A}.Debug|Any CPU.Build.0 = Debug|Any CPU
		{B327C04C-08C4-487E-8973-1604BC9A515A}.Release|Any CPU.ActiveCfg = Release|Any CPU
		{B327C04C-08C4-487E-8973-1604BC9A515A}.Release|Any CPU.Build.0 = Release|Any CPU
		{161769C4-F617-4FA9-91BD-AC9D9EF20A9F}.Debug|Any CPU.ActiveCfg = Debug|Any CPU
		{161769C4-F617-4FA9-91BD-AC9D9EF20A9F}.Debug|Any CPU.Build.0 = Debug|Any CPU
		{161769C4-F617-4FA9-91BD-AC9D9EF20A9F}.Release|Any CPU.ActiveCfg = Release|Any CPU
		{161769C4-F617-4FA9-91BD-AC9D9EF20A9F}.Release|Any CPU.Build.0 = Release|Any CPU
		{DF78006F-2A0C-45A4-AA44-881728779B27}.Debug|Any CPU.ActiveCfg = Debug|Any CPU
		{DF78006F-2A0C-45A4-AA44-881728779B27}.Debug|Any CPU.Build.0 = Debug|Any CPU
		{DF78006F-2A0C-45A4-AA44-881728779B27}.Release|Any CPU.ActiveCfg = Release|Any CPU
		{DF78006F-2A0C-45A4-AA44-881728779B27}.Release|Any CPU.Build.0 = Release|Any CPU
		{9D025EB7-355A-42A1-9AE6-8865E6D4E4AF}.Debug|Any CPU.ActiveCfg = Debug|Any CPU
		{9D025EB7-355A-42A1-9AE6-8865E6D4E4AF}.Debug|Any CPU.Build.0 = Debug|Any CPU
		{9D025EB7-355A-42A1-9AE6-8865E6D4E4AF}.Release|Any CPU.ActiveCfg = Release|Any CPU
		{9D025EB7-355A-42A1-9AE6-8865E6D4E4AF}.Release|Any CPU.Build.0 = Release|Any CPU
		{297691A5-CFD9-4154-AB91-6D6F2498F73D}.Debug|Any CPU.ActiveCfg = Debug|Any CPU
		{297691A5-CFD9-4154-AB91-6D6F2498F73D}.Debug|Any CPU.Build.0 = Debug|Any CPU
		{297691A5-CFD9-4154-AB91-6D6F2498F73D}.Release|Any CPU.ActiveCfg = Release|Any CPU
		{297691A5-CFD9-4154-AB91-6D6F2498F73D}.Release|Any CPU.Build.0 = Release|Any CPU
		{38AF0490-8FD7-44D6-84FD-2A0E6584C49F}.Debug|Any CPU.ActiveCfg = Debug|Any CPU
		{38AF0490-8FD7-44D6-84FD-2A0E6584C49F}.Debug|Any CPU.Build.0 = Debug|Any CPU
		{38AF0490-8FD7-44D6-84FD-2A0E6584C49F}.Release|Any CPU.ActiveCfg = Release|Any CPU
		{38AF0490-8FD7-44D6-84FD-2A0E6584C49F}.Release|Any CPU.Build.0 = Release|Any CPU
		{5C61F2C4-231C-4A17-935F-2395E60AA25F}.Debug|Any CPU.ActiveCfg = Debug|Any CPU
		{5C61F2C4-231C-4A17-935F-2395E60AA25F}.Debug|Any CPU.Build.0 = Debug|Any CPU
		{5C61F2C4-231C-4A17-935F-2395E60AA25F}.Release|Any CPU.ActiveCfg = Release|Any CPU
		{5C61F2C4-231C-4A17-935F-2395E60AA25F}.Release|Any CPU.Build.0 = Release|Any CPU
		{A58FFBFE-F9D1-401B-B368-8E47916AF105}.Debug|Any CPU.ActiveCfg = Debug|Any CPU
		{A58FFBFE-F9D1-401B-B368-8E47916AF105}.Debug|Any CPU.Build.0 = Debug|Any CPU
		{A58FFBFE-F9D1-401B-B368-8E47916AF105}.Release|Any CPU.ActiveCfg = Release|Any CPU
		{A58FFBFE-F9D1-401B-B368-8E47916AF105}.Release|Any CPU.Build.0 = Release|Any CPU
		{B534DC25-2483-4CFC-80F4-A38AFE1A54E3}.Debug|Any CPU.ActiveCfg = Debug|Any CPU
		{B534DC25-2483-4CFC-80F4-A38AFE1A54E3}.Debug|Any CPU.Build.0 = Debug|Any CPU
		{B534DC25-2483-4CFC-80F4-A38AFE1A54E3}.Release|Any CPU.ActiveCfg = Release|Any CPU
		{B534DC25-2483-4CFC-80F4-A38AFE1A54E3}.Release|Any CPU.Build.0 = Release|Any CPU
		{5A88B7FB-BEAC-4A63-9240-114822EE4790}.Debug|Any CPU.ActiveCfg = Debug|Any CPU
		{5A88B7FB-BEAC-4A63-9240-114822EE4790}.Debug|Any CPU.Build.0 = Debug|Any CPU
		{5A88B7FB-BEAC-4A63-9240-114822EE4790}.Release|Any CPU.ActiveCfg = Release|Any CPU
		{5A88B7FB-BEAC-4A63-9240-114822EE4790}.Release|Any CPU.Build.0 = Release|Any CPU
		{13A02F2A-53DA-408C-B5EB-E1752F438F88}.Debug|Any CPU.ActiveCfg = Debug|Any CPU
		{13A02F2A-53DA-408C-B5EB-E1752F438F88}.Debug|Any CPU.Build.0 = Debug|Any CPU
		{13A02F2A-53DA-408C-B5EB-E1752F438F88}.Release|Any CPU.ActiveCfg = Release|Any CPU
		{13A02F2A-53DA-408C-B5EB-E1752F438F88}.Release|Any CPU.Build.0 = Release|Any CPU
		{AE88915E-9065-41D8-A482-A2D6B3555EBB}.Debug|Any CPU.ActiveCfg = Debug|Any CPU
		{AE88915E-9065-41D8-A482-A2D6B3555EBB}.Debug|Any CPU.Build.0 = Debug|Any CPU
		{AE88915E-9065-41D8-A482-A2D6B3555EBB}.Release|Any CPU.ActiveCfg = Release|Any CPU
		{AE88915E-9065-41D8-A482-A2D6B3555EBB}.Release|Any CPU.Build.0 = Release|Any CPU
		{F4C3CDA2-EA65-4E3E-8681-1A0B522FDD59}.Debug|Any CPU.ActiveCfg = Debug|Any CPU
		{F4C3CDA2-EA65-4E3E-8681-1A0B522FDD59}.Debug|Any CPU.Build.0 = Debug|Any CPU
		{F4C3CDA2-EA65-4E3E-8681-1A0B522FDD59}.Release|Any CPU.ActiveCfg = Release|Any CPU
		{F4C3CDA2-EA65-4E3E-8681-1A0B522FDD59}.Release|Any CPU.Build.0 = Release|Any CPU
		{9E278B49-4B9E-41DB-97D8-8E2BD15CEFE2}.Debug|Any CPU.ActiveCfg = Debug|Any CPU
		{9E278B49-4B9E-41DB-97D8-8E2BD15CEFE2}.Debug|Any CPU.Build.0 = Debug|Any CPU
		{9E278B49-4B9E-41DB-97D8-8E2BD15CEFE2}.Release|Any CPU.ActiveCfg = Release|Any CPU
		{9E278B49-4B9E-41DB-97D8-8E2BD15CEFE2}.Release|Any CPU.Build.0 = Release|Any CPU
		{511338A8-02DB-4954-8750-98E4188EB665}.Debug|Any CPU.ActiveCfg = Debug|Any CPU
		{511338A8-02DB-4954-8750-98E4188EB665}.Debug|Any CPU.Build.0 = Debug|Any CPU
		{511338A8-02DB-4954-8750-98E4188EB665}.Release|Any CPU.ActiveCfg = Release|Any CPU
		{511338A8-02DB-4954-8750-98E4188EB665}.Release|Any CPU.Build.0 = Release|Any CPU
		{C7F1F3D9-176F-4099-83E2-E05ADA0E3465}.Debug|Any CPU.ActiveCfg = Debug|Any CPU
		{C7F1F3D9-176F-4099-83E2-E05ADA0E3465}.Debug|Any CPU.Build.0 = Debug|Any CPU
		{C7F1F3D9-176F-4099-83E2-E05ADA0E3465}.Release|Any CPU.ActiveCfg = Release|Any CPU
		{C7F1F3D9-176F-4099-83E2-E05ADA0E3465}.Release|Any CPU.Build.0 = Release|Any CPU
		{524E1F0D-F17B-4D84-AA77-C270CAF4F251}.Debug|Any CPU.ActiveCfg = Debug|Any CPU
		{524E1F0D-F17B-4D84-AA77-C270CAF4F251}.Debug|Any CPU.Build.0 = Debug|Any CPU
		{524E1F0D-F17B-4D84-AA77-C270CAF4F251}.Release|Any CPU.ActiveCfg = Release|Any CPU
		{524E1F0D-F17B-4D84-AA77-C270CAF4F251}.Release|Any CPU.Build.0 = Release|Any CPU
		{FE9B2347-31F1-4322-9716-D8D2418951F1}.Debug|Any CPU.ActiveCfg = Debug|Any CPU
		{FE9B2347-31F1-4322-9716-D8D2418951F1}.Debug|Any CPU.Build.0 = Debug|Any CPU
		{FE9B2347-31F1-4322-9716-D8D2418951F1}.Release|Any CPU.ActiveCfg = Release|Any CPU
		{FE9B2347-31F1-4322-9716-D8D2418951F1}.Release|Any CPU.Build.0 = Release|Any CPU
		{067638EA-8C0C-4D5E-89AE-CA3E1BE810BF}.Debug|Any CPU.ActiveCfg = Debug|Any CPU
		{067638EA-8C0C-4D5E-89AE-CA3E1BE810BF}.Debug|Any CPU.Build.0 = Debug|Any CPU
		{067638EA-8C0C-4D5E-89AE-CA3E1BE810BF}.Release|Any CPU.ActiveCfg = Release|Any CPU
		{067638EA-8C0C-4D5E-89AE-CA3E1BE810BF}.Release|Any CPU.Build.0 = Release|Any CPU
	EndGlobalSection
	GlobalSection(SolutionProperties) = preSolution
		HideSolutionNode = FALSE
	EndGlobalSection
	GlobalSection(ExtensibilityGlobals) = postSolution
		SolutionGuid = {97CB1EDA-BD84-487E-AB0A-4700E77503C3}
	EndGlobalSection
EndGlobal
